
Microsoft Visual Studio Solution File, Format Version 12.00
# Visual Studio Version 16
VisualStudioVersion = 16.0.31129.286
MinimumVisualStudioVersion = 10.0.40219.1
Project("{FAE04EC0-301F-11D3-BF4B-00C04F79EFBC}") = "Webshop", "Webshop\Webshop.csproj", "{C37492A0-3726-4CCA-BF15-6B8AB1DDC68E}"
EndProject
Global
	GlobalSection(SolutionConfigurationPlatforms) = preSolution
		Debug|Any CPU = Debug|Any CPU
		Release|Any CPU = Release|Any CPU
	EndGlobalSection
	GlobalSection(ProjectConfigurationPlatforms) = postSolution
		{C37492A0-3726-4CCA-BF15-6B8AB1DDC68E}.Debug|Any CPU.ActiveCfg = Debug|Any CPU
		{C37492A0-3726-4CCA-BF15-6B8AB1DDC68E}.Debug|Any CPU.Build.0 = Debug|Any CPU
		{C37492A0-3726-4CCA-BF15-6B8AB1DDC68E}.Release|Any CPU.ActiveCfg = Release|Any CPU
		{C37492A0-3726-4CCA-BF15-6B8AB1DDC68E}.Release|Any CPU.Build.0 = Release|Any CPU
	EndGlobalSection
	GlobalSection(SolutionProperties) = preSolution
		HideSolutionNode = FALSE
	EndGlobalSection
	GlobalSection(ExtensibilityGlobals) = postSolution
		SolutionGuid = {8D56078F-D5AF-4982-A1A0-8A7A5451D034}
	EndGlobalSection
EndGlobal
